
Microsoft Visual Studio Solution File, Format Version 12.00
# Visual Studio Version 16
VisualStudioVersion = 16.0.29509.3
MinimumVisualStudioVersion = 10.0.40219.1
Project("{FAE04EC0-301F-11D3-BF4B-00C04F79EFBC}") = "CursoOnline.DominioTest", "test\CursoOnline.DominioTest\CursoOnline.DominioTest.csproj", "{D7FC0D76-0C4C-4FB9-99D9-A3EE103CF9F6}"
EndProject
Project("{FAE04EC0-301F-11D3-BF4B-00C04F79EFBC}") = "CursoOnline.Dominio", "src\CursoOnline.Dominio\CursoOnline.Dominio.csproj", "{A5EDB5B9-869C-4A79-84AD-3B638ED8C5C1}"
EndProject
Global
	GlobalSection(SolutionConfigurationPlatforms) = preSolution
		Debug|Any CPU = Debug|Any CPU
		Release|Any CPU = Release|Any CPU
	EndGlobalSection
	GlobalSection(ProjectConfigurationPlatforms) = postSolution
		{D7FC0D76-0C4C-4FB9-99D9-A3EE103CF9F6}.Debug|Any CPU.ActiveCfg = Debug|Any CPU
		{D7FC0D76-0C4C-4FB9-99D9-A3EE103CF9F6}.Debug|Any CPU.Build.0 = Debug|Any CPU
		{D7FC0D76-0C4C-4FB9-99D9-A3EE103CF9F6}.Release|Any CPU.ActiveCfg = Release|Any CPU
		{D7FC0D76-0C4C-4FB9-99D9-A3EE103CF9F6}.Release|Any CPU.Build.0 = Release|Any CPU
		{A5EDB5B9-869C-4A79-84AD-3B638ED8C5C1}.Debug|Any CPU.ActiveCfg = Debug|Any CPU
		{A5EDB5B9-869C-4A79-84AD-3B638ED8C5C1}.Debug|Any CPU.Build.0 = Debug|Any CPU
		{A5EDB5B9-869C-4A79-84AD-3B638ED8C5C1}.Release|Any CPU.ActiveCfg = Release|Any CPU
		{A5EDB5B9-869C-4A79-84AD-3B638ED8C5C1}.Release|Any CPU.Build.0 = Release|Any CPU
	EndGlobalSection
	GlobalSection(SolutionProperties) = preSolution
		HideSolutionNode = FALSE
	EndGlobalSection
	GlobalSection(ExtensibilityGlobals) = postSolution
		SolutionGuid = {ECB4FE0C-3945-4615-9B98-6ECCBD85FAD5}
	EndGlobalSection
EndGlobal
